
Microsoft Visual Studio Solution File, Format Version 12.00
# Visual Studio Version 17
VisualStudioVersion = 17.9.34701.34
MinimumVisualStudioVersion = 10.0.40219.1
Project("{8BC9CEB8-8B4A-11D0-8D11-00A0C91BC942}") = "Chess", "Chess\Chess.vcxproj", "{EA25C4C2-D0F0-432D-81D4-579987D07BD6}"
EndProject
Global
	GlobalSection(SolutionConfigurationPlatforms) = preSolution
		Debug|x64 = Debug|x64
		Debug|x86 = Debug|x86
		Release|x64 = Release|x64
		Release|x86 = Release|x86
	EndGlobalSection
	GlobalSection(ProjectConfigurationPlatforms) = postSolution
		{EA25C4C2-D0F0-432D-81D4-579987D07BD6}.Debug|x64.ActiveCfg = Debug|x64
		{EA25C4C2-D0F0-432D-81D4-579987D07BD6}.Debug|x64.Build.0 = Debug|x64
		{EA25C4C2-D0F0-432D-81D4-579987D07BD6}.Debug|x86.ActiveCfg = Debug|Win32
		{EA25C4C2-D0F0-432D-81D4-579987D07BD6}.Debug|x86.Build.0 = Debug|Win32
		{EA25C4C2-D0F0-432D-81D4-579987D07BD6}.Release|x64.ActiveCfg = Release|x64
		{EA25C4C2-D0F0-432D-81D4-579987D07BD6}.Release|x64.Build.0 = Release|x64
		{EA25C4C2-D0F0-432D-81D4-579987D07BD6}.Release|x86.ActiveCfg = Release|Win32
		{EA25C4C2-D0F0-432D-81D4-579987D07BD6}.Release|x86.Build.0 = Release|Win32
	EndGlobalSection
	GlobalSection(SolutionProperties) = preSolution
		HideSolutionNode = FALSE
	EndGlobalSection
	GlobalSection(ExtensibilityGlobals) = postSolution
		SolutionGuid = {1A4E3B59-5F5E-4CFA-A67F-DCCE3A1EE277}
	EndGlobalSection
EndGlobal
